// !$*UTF8*$!
{
	archiveVersion = 1;
	classes = {
	};
	objectVersion = 48;
	objects = {

/* Begin PBXBuildFile section */
		04115E741F770ADC003564C6 /* CreateAccountVC.swift in Sources */ = {isa = PBXBuildFile; fileRef = 04115E731F770ADC003564C6 /* CreateAccountVC.swift */; };
		0499A7621F7D49DC00862B83 /* MessageService.swift in Sources */ = {isa = PBXBuildFile; fileRef = 0499A7611F7D49DC00862B83 /* MessageService.swift */; };
		0499A7641F7D4A3900862B83 /* Channel.swift in Sources */ = {isa = PBXBuildFile; fileRef = 0499A7631F7D4A3900862B83 /* Channel.swift */; };
		0499A7661F7D521A00862B83 /* ChannelCell.swift in Sources */ = {isa = PBXBuildFile; fileRef = 0499A7651F7D521A00862B83 /* ChannelCell.swift */; };
		04A79D751F76A9200094DF42 /* SWRevealViewController.m in Sources */ = {isa = PBXBuildFile; fileRef = 04A79D741F76A91C0094DF42 /* SWRevealViewController.m */; };
		04A79D7A1F76AB300094DF42 /* ChatVC.swift in Sources */ = {isa = PBXBuildFile; fileRef = 04A79D791F76AB300094DF42 /* ChatVC.swift */; };
		04A79D7C1F76AB410094DF42 /* ChannelVC.swift in Sources */ = {isa = PBXBuildFile; fileRef = 04A79D7B1F76AB410094DF42 /* ChannelVC.swift */; };
		04A79D7E1F76B1590094DF42 /* GradientView.swift in Sources */ = {isa = PBXBuildFile; fileRef = 04A79D7D1F76B1590094DF42 /* GradientView.swift */; };
		04A79D831F76BA890094DF42 /* Constants.swift in Sources */ = {isa = PBXBuildFile; fileRef = 04A79D821F76BA890094DF42 /* Constants.swift */; };
		04A79D851F76C0F50094DF42 /* LoginVC.swift in Sources */ = {isa = PBXBuildFile; fileRef = 04A79D841F76C0F50094DF42 /* LoginVC.swift */; };
		04AF816C1F7A9E4A002483A5 /* RoundedButton.swift in Sources */ = {isa = PBXBuildFile; fileRef = 04AF816B1F7A9E4A002483A5 /* RoundedButton.swift */; };
		04AF816E1F7AA6AC002483A5 /* UserDataService.swift in Sources */ = {isa = PBXBuildFile; fileRef = 04AF816D1F7AA6AC002483A5 /* UserDataService.swift */; };
		04AF81701F7AB17D002483A5 /* AvatarPickerVC.swift in Sources */ = {isa = PBXBuildFile; fileRef = 04AF816F1F7AB17D002483A5 /* AvatarPickerVC.swift */; };
		04AF81721F7AB2F3002483A5 /* AvatarCell.swift in Sources */ = {isa = PBXBuildFile; fileRef = 04AF81711F7AB2F3002483A5 /* AvatarCell.swift */; };
		04C6D49D1F76A566007E716E /* AppDelegate.swift in Sources */ = {isa = PBXBuildFile; fileRef = 04C6D49C1F76A566007E716E /* AppDelegate.swift */; };
		04C6D4A21F76A566007E716E /* Main.storyboard in Resources */ = {isa = PBXBuildFile; fileRef = 04C6D4A01F76A566007E716E /* Main.storyboard */; };
		04C6D4A41F76A566007E716E /* Assets.xcassets in Resources */ = {isa = PBXBuildFile; fileRef = 04C6D4A31F76A566007E716E /* Assets.xcassets */; };
		04C6D4A71F76A566007E716E /* LaunchScreen.storyboard in Resources */ = {isa = PBXBuildFile; fileRef = 04C6D4A51F76A566007E716E /* LaunchScreen.storyboard */; };
		04C924741F7BE80000760D4B /* CircleImage.swift in Sources */ = {isa = PBXBuildFile; fileRef = 04C924731F7BE80000760D4B /* CircleImage.swift */; };
		04C924771F7BFC1200760D4B /* ProfileVC.swift in Sources */ = {isa = PBXBuildFile; fileRef = 04C924751F7BFC1200760D4B /* ProfileVC.swift */; };
		04C924781F7BFC1200760D4B /* ProfileVC.xib in Resources */ = {isa = PBXBuildFile; fileRef = 04C924761F7BFC1200760D4B /* ProfileVC.xib */; };
		04EAD5561F79724F00F18343 /* AuthService.swift in Sources */ = {isa = PBXBuildFile; fileRef = 04EAD5551F79724F00F18343 /* AuthService.swift */; };
		E69C1E1F73412BE6EC2BBF76 /* Pods_smack.framework in Frameworks */ = {isa = PBXBuildFile; fileRef = B3B21067A96AEE7BD78B608C /* Pods_smack.framework */; };
/* End PBXBuildFile section */

/* Begin PBXFileReference section */
		04115E731F770ADC003564C6 /* CreateAccountVC.swift */ = {isa = PBXFileReference; lastKnownFileType = sourcecode.swift; path = CreateAccountVC.swift; sourceTree = "<group>"; };
		0499A7611F7D49DC00862B83 /* MessageService.swift */ = {isa = PBXFileReference; lastKnownFileType = sourcecode.swift; path = MessageService.swift; sourceTree = "<group>"; };
		0499A7631F7D4A3900862B83 /* Channel.swift */ = {isa = PBXFileReference; lastKnownFileType = sourcecode.swift; path = Channel.swift; sourceTree = "<group>"; };
		0499A7651F7D521A00862B83 /* ChannelCell.swift */ = {isa = PBXFileReference; lastKnownFileType = sourcecode.swift; path = ChannelCell.swift; sourceTree = "<group>"; };
		04A79D721F76A91B0094DF42 /* smack-Bridging-Header.h */ = {isa = PBXFileReference; lastKnownFileType = sourcecode.c.h; path = "smack-Bridging-Header.h"; sourceTree = "<group>"; };
		04A79D731F76A91C0094DF42 /* SWRevealViewController.h */ = {isa = PBXFileReference; lastKnownFileType = sourcecode.c.h; path = SWRevealViewController.h; sourceTree = "<group>"; };
		04A79D741F76A91C0094DF42 /* SWRevealViewController.m */ = {isa = PBXFileReference; lastKnownFileType = sourcecode.c.objc; path = SWRevealViewController.m; sourceTree = "<group>"; };
		04A79D791F76AB300094DF42 /* ChatVC.swift */ = {isa = PBXFileReference; lastKnownFileType = sourcecode.swift; path = ChatVC.swift; sourceTree = "<group>"; };
		04A79D7B1F76AB410094DF42 /* ChannelVC.swift */ = {isa = PBXFileReference; lastKnownFileType = sourcecode.swift; path = ChannelVC.swift; sourceTree = "<group>"; };
		04A79D7D1F76B1590094DF42 /* GradientView.swift */ = {isa = PBXFileReference; lastKnownFileType = sourcecode.swift; path = GradientView.swift; sourceTree = "<group>"; };
		04A79D821F76BA890094DF42 /* Constants.swift */ = {isa = PBXFileReference; lastKnownFileType = sourcecode.swift; path = Constants.swift; sourceTree = "<group>"; };
		04A79D841F76C0F50094DF42 /* LoginVC.swift */ = {isa = PBXFileReference; lastKnownFileType = sourcecode.swift; path = LoginVC.swift; sourceTree = "<group>"; };
		04AF816B1F7A9E4A002483A5 /* RoundedButton.swift */ = {isa = PBXFileReference; lastKnownFileType = sourcecode.swift; path = RoundedButton.swift; sourceTree = "<group>"; };
		04AF816D1F7AA6AC002483A5 /* UserDataService.swift */ = {isa = PBXFileReference; lastKnownFileType = sourcecode.swift; path = UserDataService.swift; sourceTree = "<group>"; };
		04AF816F1F7AB17D002483A5 /* AvatarPickerVC.swift */ = {isa = PBXFileReference; lastKnownFileType = sourcecode.swift; path = AvatarPickerVC.swift; sourceTree = "<group>"; };
		04AF81711F7AB2F3002483A5 /* AvatarCell.swift */ = {isa = PBXFileReference; lastKnownFileType = sourcecode.swift; path = AvatarCell.swift; sourceTree = "<group>"; };
		04C6D4991F76A566007E716E /* smack.app */ = {isa = PBXFileReference; explicitFileType = wrapper.application; includeInIndex = 0; path = smack.app; sourceTree = BUILT_PRODUCTS_DIR; };
		04C6D49C1F76A566007E716E /* AppDelegate.swift */ = {isa = PBXFileReference; lastKnownFileType = sourcecode.swift; path = AppDelegate.swift; sourceTree = "<group>"; };
		04C6D4A11F76A566007E716E /* Base */ = {isa = PBXFileReference; lastKnownFileType = file.storyboard; name = Base; path = Base.lproj/Main.storyboard; sourceTree = "<group>"; };
		04C6D4A31F76A566007E716E /* Assets.xcassets */ = {isa = PBXFileReference; lastKnownFileType = folder.assetcatalog; path = Assets.xcassets; sourceTree = "<group>"; };
		04C6D4A61F76A566007E716E /* Base */ = {isa = PBXFileReference; lastKnownFileType = file.storyboard; name = Base; path = Base.lproj/LaunchScreen.storyboard; sourceTree = "<group>"; };
		04C6D4A81F76A566007E716E /* Info.plist */ = {isa = PBXFileReference; lastKnownFileType = text.plist.xml; path = Info.plist; sourceTree = "<group>"; };
		04C924731F7BE80000760D4B /* CircleImage.swift */ = {isa = PBXFileReference; lastKnownFileType = sourcecode.swift; path = CircleImage.swift; sourceTree = "<group>"; };
		04C924751F7BFC1200760D4B /* ProfileVC.swift */ = {isa = PBXFileReference; lastKnownFileType = sourcecode.swift; path = ProfileVC.swift; sourceTree = "<group>"; };
		04C924761F7BFC1200760D4B /* ProfileVC.xib */ = {isa = PBXFileReference; lastKnownFileType = file.xib; path = ProfileVC.xib; sourceTree = "<group>"; };
		04EAD5551F79724F00F18343 /* AuthService.swift */ = {isa = PBXFileReference; lastKnownFileType = sourcecode.swift; path = AuthService.swift; sourceTree = "<group>"; };
		956D2ED8B24C2C94A01CBAE2 /* Pods-smack.release.xcconfig */ = {isa = PBXFileReference; includeInIndex = 1; lastKnownFileType = text.xcconfig; name = "Pods-smack.release.xcconfig"; path = "Pods/Target Support Files/Pods-smack/Pods-smack.release.xcconfig"; sourceTree = "<group>"; };
		B3B21067A96AEE7BD78B608C /* Pods_smack.framework */ = {isa = PBXFileReference; explicitFileType = wrapper.framework; includeInIndex = 0; path = Pods_smack.framework; sourceTree = BUILT_PRODUCTS_DIR; };
		E5531EF30D17FE0D664C0BC8 /* Pods-smack.debug.xcconfig */ = {isa = PBXFileReference; includeInIndex = 1; lastKnownFileType = text.xcconfig; name = "Pods-smack.debug.xcconfig"; path = "Pods/Target Support Files/Pods-smack/Pods-smack.debug.xcconfig"; sourceTree = "<group>"; };
/* End PBXFileReference section */

/* Begin PBXFrameworksBuildPhase section */
		04C6D4961F76A565007E716E /* Frameworks */ = {
			isa = PBXFrameworksBuildPhase;
			buildActionMask = 2147483647;
			files = (
				E69C1E1F73412BE6EC2BBF76 /* Pods_smack.framework in Frameworks */,
			);
			runOnlyForDeploymentPostprocessing = 0;
		};
/* End PBXFrameworksBuildPhase section */

/* Begin PBXGroup section */
		04A79D711F76A8C20094DF42 /* Supporting Files */ = {
			isa = PBXGroup;
			children = (
				04A79D731F76A91C0094DF42 /* SWRevealViewController.h */,
				04A79D741F76A91C0094DF42 /* SWRevealViewController.m */,
				04A79D721F76A91B0094DF42 /* smack-Bridging-Header.h */,
			);
			path = "Supporting Files";
			sourceTree = "<group>";
		};
		04A79D761F76AA7A0094DF42 /* Controller */ = {
			isa = PBXGroup;
			children = (
				04A79D791F76AB300094DF42 /* ChatVC.swift */,
				04A79D7B1F76AB410094DF42 /* ChannelVC.swift */,
				04A79D841F76C0F50094DF42 /* LoginVC.swift */,
				04115E731F770ADC003564C6 /* CreateAccountVC.swift */,
				04AF816F1F7AB17D002483A5 /* AvatarPickerVC.swift */,
				04C924751F7BFC1200760D4B /* ProfileVC.swift */,
			);
			path = Controller;
			sourceTree = "<group>";
		};
		04A79D771F76AA850094DF42 /* View */ = {
			isa = PBXGroup;
			children = (
				04A79D7D1F76B1590094DF42 /* GradientView.swift */,
				04AF816B1F7A9E4A002483A5 /* RoundedButton.swift */,
				04AF81711F7AB2F3002483A5 /* AvatarCell.swift */,
				04C924731F7BE80000760D4B /* CircleImage.swift */,
				0499A7651F7D521A00862B83 /* ChannelCell.swift */,
			);
			path = View;
			sourceTree = "<group>";
		};
		04A79D781F76AA8B0094DF42 /* Model */ = {
			isa = PBXGroup;
			children = (
				0499A7631F7D4A3900862B83 /* Channel.swift */,
			);
			path = Model;
			sourceTree = "<group>";
		};
		04A79D7F1F76BA460094DF42 /* Utilities */ = {
			isa = PBXGroup;
			children = (
				04A79D821F76BA890094DF42 /* Constants.swift */,
			);
			path = Utilities;
			sourceTree = "<group>";
		};
		04C6D4901F76A565007E716E = {
			isa = PBXGroup;
			children = (
				04C6D49B1F76A566007E716E /* smack */,
				04C6D49A1F76A566007E716E /* Products */,
				CBA1C719DB1A914D95E985EF /* Pods */,
				8588A39B25C84BB5C24DC8C2 /* Frameworks */,
			);
			sourceTree = "<group>";
		};
		04C6D49A1F76A566007E716E /* Products */ = {
			isa = PBXGroup;
			children = (
				04C6D4991F76A566007E716E /* smack.app */,
			);
			name = Products;
			sourceTree = "<group>";
		};
		04C6D49B1F76A566007E716E /* smack */ = {
			isa = PBXGroup;
			children = (
				04C924791F7BFC4000760D4B /* XIBs */,
				04EAD5541F79722800F18343 /* Services */,
				04A79D7F1F76BA460094DF42 /* Utilities */,
				04A79D781F76AA8B0094DF42 /* Model */,
				04A79D771F76AA850094DF42 /* View */,
				04A79D761F76AA7A0094DF42 /* Controller */,
				04A79D711F76A8C20094DF42 /* Supporting Files */,
				04C6D49C1F76A566007E716E /* AppDelegate.swift */,
				04C6D4A01F76A566007E716E /* Main.storyboard */,
				04C6D4A31F76A566007E716E /* Assets.xcassets */,
				04C6D4A51F76A566007E716E /* LaunchScreen.storyboard */,
				04C6D4A81F76A566007E716E /* Info.plist */,
			);
			path = smack;
			sourceTree = "<group>";
		};
		04C924791F7BFC4000760D4B /* XIBs */ = {
			isa = PBXGroup;
			children = (
				04C924761F7BFC1200760D4B /* ProfileVC.xib */,
			);
			path = XIBs;
			sourceTree = "<group>";
		};
		04EAD5541F79722800F18343 /* Services */ = {
			isa = PBXGroup;
			children = (
				04EAD5551F79724F00F18343 /* AuthService.swift */,
				04AF816D1F7AA6AC002483A5 /* UserDataService.swift */,
				0499A7611F7D49DC00862B83 /* MessageService.swift */,
			);
			path = Services;
			sourceTree = "<group>";
		};
		8588A39B25C84BB5C24DC8C2 /* Frameworks */ = {
			isa = PBXGroup;
			children = (
				B3B21067A96AEE7BD78B608C /* Pods_smack.framework */,
			);
			name = Frameworks;
			sourceTree = "<group>";
		};
		CBA1C719DB1A914D95E985EF /* Pods */ = {
			isa = PBXGroup;
			children = (
				E5531EF30D17FE0D664C0BC8 /* Pods-smack.debug.xcconfig */,
				956D2ED8B24C2C94A01CBAE2 /* Pods-smack.release.xcconfig */,
			);
			name = Pods;
			sourceTree = "<group>";
		};
/* End PBXGroup section */

/* Begin PBXNativeTarget section */
		04C6D4981F76A565007E716E /* smack */ = {
			isa = PBXNativeTarget;
			buildConfigurationList = 04C6D4AB1F76A566007E716E /* Build configuration list for PBXNativeTarget "smack" */;
			buildPhases = (
				9F509624698FB703F03425AD /* [CP] Check Pods Manifest.lock */,
				04C6D4951F76A565007E716E /* Sources */,
				04C6D4961F76A565007E716E /* Frameworks */,
				04C6D4971F76A565007E716E /* Resources */,
				6B5A39E5EB4FFB3B202EBDD4 /* [CP] Embed Pods Frameworks */,
				8DB36B56B0EE96B472CA6D87 /* [CP] Copy Pods Resources */,
			);
			buildRules = (
			);
			dependencies = (
			);
			name = smack;
			productName = smack;
			productReference = 04C6D4991F76A566007E716E /* smack.app */;
			productType = "com.apple.product-type.application";
		};
/* End PBXNativeTarget section */

/* Begin PBXProject section */
		04C6D4911F76A565007E716E /* Project object */ = {
			isa = PBXProject;
			attributes = {
				LastSwiftUpdateCheck = 0900;
				LastUpgradeCheck = 0900;
				ORGANIZATIONNAME = Mac;
				TargetAttributes = {
					04C6D4981F76A565007E716E = {
						CreatedOnToolsVersion = 9.0;
						LastSwiftMigration = 0900;
						ProvisioningStyle = Automatic;
					};
				};
			};
			buildConfigurationList = 04C6D4941F76A565007E716E /* Build configuration list for PBXProject "smack" */;
			compatibilityVersion = "Xcode 8.0";
			developmentRegion = en;
			hasScannedForEncodings = 0;
			knownRegions = (
				en,
				Base,
			);
			mainGroup = 04C6D4901F76A565007E716E;
			productRefGroup = 04C6D49A1F76A566007E716E /* Products */;
			projectDirPath = "";
			projectRoot = "";
			targets = (
				04C6D4981F76A565007E716E /* smack */,
			);
		};
/* End PBXProject section */

/* Begin PBXResourcesBuildPhase section */
		04C6D4971F76A565007E716E /* Resources */ = {
			isa = PBXResourcesBuildPhase;
			buildActionMask = 2147483647;
			files = (
				04C924781F7BFC1200760D4B /* ProfileVC.xib in Resources */,
				04C6D4A71F76A566007E716E /* LaunchScreen.storyboard in Resources */,
				04C6D4A41F76A566007E716E /* Assets.xcassets in Resources */,
				04C6D4A21F76A566007E716E /* Main.storyboard in Resources */,
			);
			runOnlyForDeploymentPostprocessing = 0;
		};
/* End PBXResourcesBuildPhase section */

/* Begin PBXShellScriptBuildPhase section */
		6B5A39E5EB4FFB3B202EBDD4 /* [CP] Embed Pods Frameworks */ = {
			isa = PBXShellScriptBuildPhase;
			buildActionMask = 2147483647;
			files = (
			);
			inputPaths = (
			);
			name = "[CP] Embed Pods Frameworks";
			outputPaths = (
			);
			runOnlyForDeploymentPostprocessing = 0;
			shellPath = /bin/sh;
			shellScript = "\"${SRCROOT}/Pods/Target Support Files/Pods-smack/Pods-smack-frameworks.sh\"\n";
			showEnvVarsInLog = 0;
		};
		8DB36B56B0EE96B472CA6D87 /* [CP] Copy Pods Resources */ = {
			isa = PBXShellScriptBuildPhase;
			buildActionMask = 2147483647;
			files = (
			);
			inputPaths = (
			);
			name = "[CP] Copy Pods Resources";
			outputPaths = (
			);
			runOnlyForDeploymentPostprocessing = 0;
			shellPath = /bin/sh;
			shellScript = "\"${SRCROOT}/Pods/Target Support Files/Pods-smack/Pods-smack-resources.sh\"\n";
			showEnvVarsInLog = 0;
		};
		9F509624698FB703F03425AD /* [CP] Check Pods Manifest.lock */ = {
			isa = PBXShellScriptBuildPhase;
			buildActionMask = 2147483647;
			files = (
			);
			inputPaths = (
			);
			name = "[CP] Check Pods Manifest.lock";
			outputPaths = (
			);
			runOnlyForDeploymentPostprocessing = 0;
			shellPath = /bin/sh;
			shellScript = "diff \"${PODS_ROOT}/../Podfile.lock\" \"${PODS_ROOT}/Manifest.lock\" > /dev/null\nif [ $? != 0 ] ; then\n    # print error to STDERR\n    echo \"error: The sandbox is not in sync with the Podfile.lock. Run 'pod install' or update your CocoaPods installation.\" >&2\n    exit 1\nfi\n";
			showEnvVarsInLog = 0;
		};
/* End PBXShellScriptBuildPhase section */

/* Begin PBXSourcesBuildPhase section */
		04C6D4951F76A565007E716E /* Sources */ = {
			isa = PBXSourcesBuildPhase;
			buildActionMask = 2147483647;
			files = (
				04C924771F7BFC1200760D4B /* ProfileVC.swift in Sources */,
				0499A7661F7D521A00862B83 /* ChannelCell.swift in Sources */,
				04A79D7C1F76AB410094DF42 /* ChannelVC.swift in Sources */,
				04AF81701F7AB17D002483A5 /* AvatarPickerVC.swift in Sources */,
				04AF816C1F7A9E4A002483A5 /* RoundedButton.swift in Sources */,
				0499A7641F7D4A3900862B83 /* Channel.swift in Sources */,
				04C924741F7BE80000760D4B /* CircleImage.swift in Sources */,
				0499A7621F7D49DC00862B83 /* MessageService.swift in Sources */,
				04A79D7A1F76AB300094DF42 /* ChatVC.swift in Sources */,
				04AF816E1F7AA6AC002483A5 /* UserDataService.swift in Sources */,
				04115E741F770ADC003564C6 /* CreateAccountVC.swift in Sources */,
				04EAD5561F79724F00F18343 /* AuthService.swift in Sources */,
				04A79D851F76C0F50094DF42 /* LoginVC.swift in Sources */,
				04A79D7E1F76B1590094DF42 /* GradientView.swift in Sources */,
				04AF81721F7AB2F3002483A5 /* AvatarCell.swift in Sources */,
				04C6D49D1F76A566007E716E /* AppDelegate.swift in Sources */,
				04A79D751F76A9200094DF42 /* SWRevealViewController.m in Sources */,
				04A79D831F76BA890094DF42 /* Constants.swift in Sources */,
			);
			runOnlyForDeploymentPostprocessing = 0;
		};
/* End PBXSourcesBuildPhase section */

/* Begin PBXVariantGroup section */
		04C6D4A01F76A566007E716E /* Main.storyboard */ = {
			isa = PBXVariantGroup;
			children = (
				04C6D4A11F76A566007E716E /* Base */,
			);
			name = Main.storyboard;
			sourceTree = "<group>";
		};
		04C6D4A51F76A566007E716E /* LaunchScreen.storyboard */ = {
			isa = PBXVariantGroup;
			children = (
				04C6D4A61F76A566007E716E /* Base */,
			);
			name = LaunchScreen.storyboard;
			sourceTree = "<group>";
		};
/* End PBXVariantGroup section */

/* Begin XCBuildConfiguration section */
		04C6D4A91F76A566007E716E /* Debug */ = {
			isa = XCBuildConfiguration;
			buildSettings = {
				ALWAYS_SEARCH_USER_PATHS = NO;
				CLANG_ANALYZER_NONNULL = YES;
				CLANG_ANALYZER_NUMBER_OBJECT_CONVERSION = YES_AGGRESSIVE;
				CLANG_CXX_LANGUAGE_STANDARD = "gnu++14";
				CLANG_CXX_LIBRARY = "libc++";
				CLANG_ENABLE_MODULES = YES;
				CLANG_ENABLE_OBJC_ARC = YES;
				CLANG_WARN_BLOCK_CAPTURE_AUTORELEASING = YES;
				CLANG_WARN_BOOL_CONVERSION = YES;
				CLANG_WARN_COMMA = YES;
				CLANG_WARN_CONSTANT_CONVERSION = YES;
				CLANG_WARN_DIRECT_OBJC_ISA_USAGE = YES_ERROR;
				CLANG_WARN_DOCUMENTATION_COMMENTS = YES;
				CLANG_WARN_EMPTY_BODY = YES;
				CLANG_WARN_ENUM_CONVERSION = YES;
				CLANG_WARN_INFINITE_RECURSION = YES;
				CLANG_WARN_INT_CONVERSION = YES;
				CLANG_WARN_NON_LITERAL_NULL_CONVERSION = YES;
				CLANG_WARN_OBJC_LITERAL_CONVERSION = YES;
				CLANG_WARN_OBJC_ROOT_CLASS = YES_ERROR;
				CLANG_WARN_RANGE_LOOP_ANALYSIS = YES;
				CLANG_WARN_STRICT_PROTOTYPES = YES;
				CLANG_WARN_SUSPICIOUS_MOVE = YES;
				CLANG_WARN_UNGUARDED_AVAILABILITY = YES_AGGRESSIVE;
				CLANG_WARN_UNREACHABLE_CODE = YES;
				CLANG_WARN__DUPLICATE_METHOD_MATCH = YES;
				CODE_SIGN_IDENTITY = "iPhone Developer";
				COPY_PHASE_STRIP = NO;
				DEBUG_INFORMATION_FORMAT = dwarf;
				ENABLE_STRICT_OBJC_MSGSEND = YES;
				ENABLE_TESTABILITY = YES;
				GCC_C_LANGUAGE_STANDARD = gnu11;
				GCC_DYNAMIC_NO_PIC = NO;
				GCC_NO_COMMON_BLOCKS = YES;
				GCC_OPTIMIZATION_LEVEL = 0;
				GCC_PREPROCESSOR_DEFINITIONS = (
					"DEBUG=1",
					"$(inherited)",
				);
				GCC_WARN_64_TO_32_BIT_CONVERSION = YES;
				GCC_WARN_ABOUT_RETURN_TYPE = YES_ERROR;
				GCC_WARN_UNDECLARED_SELECTOR = YES;
				GCC_WARN_UNINITIALIZED_AUTOS = YES_AGGRESSIVE;
				GCC_WARN_UNUSED_FUNCTION = YES;
				GCC_WARN_UNUSED_VARIABLE = YES;
				IPHONEOS_DEPLOYMENT_TARGET = 11.0;
				MTL_ENABLE_DEBUG_INFO = YES;
				ONLY_ACTIVE_ARCH = YES;
				SDKROOT = iphoneos;
				SWIFT_ACTIVE_COMPILATION_CONDITIONS = DEBUG;
				SWIFT_OPTIMIZATION_LEVEL = "-Onone";
			};
			name = Debug;
		};
		04C6D4AA1F76A566007E716E /* Release */ = {
			isa = XCBuildConfiguration;
			buildSettings = {
				ALWAYS_SEARCH_USER_PATHS = NO;
				CLANG_ANALYZER_NONNULL = YES;
				CLANG_ANALYZER_NUMBER_OBJECT_CONVERSION = YES_AGGRESSIVE;
				CLANG_CXX_LANGUAGE_STANDARD = "gnu++14";
				CLANG_CXX_LIBRARY = "libc++";
				CLANG_ENABLE_MODULES = YES;
				CLANG_ENABLE_OBJC_ARC = YES;
				CLANG_WARN_BLOCK_CAPTURE_AUTORELEASING = YES;
				CLANG_WARN_BOOL_CONVERSION = YES;
				CLANG_WARN_COMMA = YES;
				CLANG_WARN_CONSTANT_CONVERSION = YES;
				CLANG_WARN_DIRECT_OBJC_ISA_USAGE = YES_ERROR;
				CLANG_WARN_DOCUMENTATION_COMMENTS = YES;
				CLANG_WARN_EMPTY_BODY = YES;
				CLANG_WARN_ENUM_CONVERSION = YES;
				CLANG_WARN_INFINITE_RECURSION = YES;
				CLANG_WARN_INT_CONVERSION = YES;
				CLANG_WARN_NON_LITERAL_NULL_CONVERSION = YES;
				CLANG_WARN_OBJC_LITERAL_CONVERSION = YES;
				CLANG_WARN_OBJC_ROOT_CLASS = YES_ERROR;
				CLANG_WARN_RANGE_LOOP_ANALYSIS = YES;
				CLANG_WARN_STRICT_PROTOTYPES = YES;
				CLANG_WARN_SUSPICIOUS_MOVE = YES;
				CLANG_WARN_UNGUARDED_AVAILABILITY = YES_AGGRESSIVE;
				CLANG_WARN_UNREACHABLE_CODE = YES;
				CLANG_WARN__DUPLICATE_METHOD_MATCH = YES;
				CODE_SIGN_IDENTITY = "iPhone Developer";
				COPY_PHASE_STRIP = NO;
				DEBUG_INFORMATION_FORMAT = "dwarf-with-dsym";
				ENABLE_NS_ASSERTIONS = NO;
				ENABLE_STRICT_OBJC_MSGSEND = YES;
				GCC_C_LANGUAGE_STANDARD = gnu11;
				GCC_NO_COMMON_BLOCKS = YES;
				GCC_WARN_64_TO_32_BIT_CONVERSION = YES;
				GCC_WARN_ABOUT_RETURN_TYPE = YES_ERROR;
				GCC_WARN_UNDECLARED_SELECTOR = YES;
				GCC_WARN_UNINITIALIZED_AUTOS = YES_AGGRESSIVE;
				GCC_WARN_UNUSED_FUNCTION = YES;
				GCC_WARN_UNUSED_VARIABLE = YES;
				IPHONEOS_DEPLOYMENT_TARGET = 11.0;
				MTL_ENABLE_DEBUG_INFO = NO;
				SDKROOT = iphoneos;
				SWIFT_OPTIMIZATION_LEVEL = "-Owholemodule";
				VALIDATE_PRODUCT = YES;
			};
			name = Release;
		};
		04C6D4AC1F76A566007E716E /* Debug */ = {
			isa = XCBuildConfiguration;
			baseConfigurationReference = E5531EF30D17FE0D664C0BC8 /* Pods-smack.debug.xcconfig */;
			buildSettings = {
				ASSETCATALOG_COMPILER_APPICON_NAME = AppIcon;
				CLANG_ENABLE_MODULES = YES;
				CODE_SIGN_STYLE = Automatic;
				INFOPLIST_FILE = smack/Info.plist;
				LD_RUNPATH_SEARCH_PATHS = "$(inherited) @executable_path/Frameworks";
				PRODUCT_BUNDLE_IDENTIFIER = com.example.smack;
				PRODUCT_NAME = "$(TARGET_NAME)";
				SWIFT_OBJC_BRIDGING_HEADER = "smack/Supporting Files/smack-Bridging-Header.h";
				SWIFT_OPTIMIZATION_LEVEL = "-Onone";
				SWIFT_VERSION = 4.0;
				TARGETED_DEVICE_FAMILY = "1,2";
			};
			name = Debug;
		};
		04C6D4AD1F76A566007E716E /* Release */ = {
			isa = XCBuildConfiguration;
			baseConfigurationReference = 956D2ED8B24C2C94A01CBAE2 /* Pods-smack.release.xcconfig */;
			buildSettings = {
				ASSETCATALOG_COMPILER_APPICON_NAME = AppIcon;
				CLANG_ENABLE_MODULES = YES;
				CODE_SIGN_STYLE = Automatic;
				INFOPLIST_FILE = smack/Info.plist;
				LD_RUNPATH_SEARCH_PATHS = "$(inherited) @executable_path/Frameworks";
				PRODUCT_BUNDLE_IDENTIFIER = com.example.smack;
				PRODUCT_NAME = "$(TARGET_NAME)";
				SWIFT_OBJC_BRIDGING_HEADER = "smack/Supporting Files/smack-Bridging-Header.h";
				SWIFT_VERSION = 4.0;
				TARGETED_DEVICE_FAMILY = "1,2";
			};
			name = Release;
		};
/* End XCBuildConfiguration section */

/* Begin XCConfigurationList section */
		04C6D4941F76A565007E716E /* Build configuration list for PBXProject "smack" */ = {
			isa = XCConfigurationList;
			buildConfigurations = (
				04C6D4A91F76A566007E716E /* Debug */,
				04C6D4AA1F76A566007E716E /* Release */,
			);
			defaultConfigurationIsVisible = 0;
			defaultConfigurationName = Release;
		};
		04C6D4AB1F76A566007E716E /* Build configuration list for PBXNativeTarget "smack" */ = {
			isa = XCConfigurationList;
			buildConfigurations = (
				04C6D4AC1F76A566007E716E /* Debug */,
				04C6D4AD1F76A566007E716E /* Release */,
			);
			defaultConfigurationIsVisible = 0;
			defaultConfigurationName = Release;
		};
/* End XCConfigurationList section */
	};
	rootObject = 04C6D4911F76A565007E716E /* Project object */;
}
